
Microsoft Visual Studio Solution File, Format Version 12.00
# Visual Studio Version 17
VisualStudioVersion = 17.11.35327.3
MinimumVisualStudioVersion = 10.0.40219.1
Project("{8BC9CEB8-8B4A-11D0-8D11-00A0C91BC942}") = "ExcercisesOfCpp", "ExcercisesOfCpp\ExcercisesOfCpp.vcxproj", "{D8A259BB-200B-42F0-A783-33D07C0DE9B2}"
EndProject
Project("{8BC9CEB8-8B4A-11D0-8D11-00A0C91BC942}") = "ColorMix", "ColorMix\ColorMix.vcxproj", "{212B3471-FAEA-41DB-8EA9-1FBDD1672267}"
EndProject
Project("{8BC9CEB8-8B4A-11D0-8D11-00A0C91BC942}") = "ContactList", "ContactList\ContactList.vcxproj", "{F5207B8E-23F1-4025-8A49-DDD6E89981D8}"
EndProject
Project("{8BC9CEB8-8B4A-11D0-8D11-00A0C91BC942}") = "StudentList", "StudentList\StudentList.vcxproj", "{32A16499-F588-45A2-A1EC-01B76C8895D4}"
EndProject
Project("{8BC9CEB8-8B4A-11D0-8D11-00A0C91BC942}") = "SphereVolume", "SphereVolume\SphereVolume.vcxproj", "{20437389-87C3-4005-9756-28C54E950DDF}"
EndProject
Project("{8BC9CEB8-8B4A-11D0-8D11-00A0C91BC942}") = "FishHorizontalMovement", "FishHorizontalMovement\FishHorizontalMovement.vcxproj", "{24FED5AE-F1D9-4614-AB52-C1A0456FC799}"
EndProject
Project("{8BC9CEB8-8B4A-11D0-8D11-00A0C91BC942}") = "MotherAndSon", "MotherAndSon\MotherAndSon.vcxproj", "{1CD493F1-4154-490A-B4EB-73CB972FDA0F}"
EndProject
Project("{8BC9CEB8-8B4A-11D0-8D11-00A0C91BC942}") = "StudentCourse", "StudentCourse\StudentCourse.vcxproj", "{68CE796B-BAC2-4456-BF2F-98D6B64955A7}"
EndProject
Project("{8BC9CEB8-8B4A-11D0-8D11-00A0C91BC942}") = "PeopleList", "PeopleList\PeopleList.vcxproj", "{1C77DB55-B880-49BC-A76F-06A165BC1C2B}"
EndProject
Project("{8BC9CEB8-8B4A-11D0-8D11-00A0C91BC942}") = "PartnerManagement", "PartnerManagement\PartnerManagement.vcxproj", "{9959FD84-DB6B-40BD-A38C-E7593A616424}"
EndProject
Project("{8BC9CEB8-8B4A-11D0-8D11-00A0C91BC942}") = "Operations", "Operations\Operations.vcxproj", "{83F346D9-4D7C-41FD-AF4D-68075382E6E7}"
EndProject
Project("{8BC9CEB8-8B4A-11D0-8D11-00A0C91BC942}") = "CharConversion", "CharConversion\CharConversion.vcxproj", "{213921D4-2FB6-4CF5-AF11-D7D3E2A91AFC}"
EndProject
Project("{8BC9CEB8-8B4A-11D0-8D11-00A0C91BC942}") = "LoopExamples", "LoopExamples\LoopExamples.vcxproj", "{B7723E4B-D3EE-470F-8A21-1919C785502C}"
EndProject
Project("{8BC9CEB8-8B4A-11D0-8D11-00A0C91BC942}") = "ConditionalExamples", "ConditionalExamples\ConditionalExamples.vcxproj", "{C6DDE7CE-79AF-4BF9-A775-09ADCD8BAB2D}"
EndProject
Project("{8BC9CEB8-8B4A-11D0-8D11-00A0C91BC942}") = "DiceGame", "DiceGame\DiceGame.vcxproj", "{F6297490-E961-4D4D-B90D-CA009AB1FC71}"
EndProject
Project("{8BC9CEB8-8B4A-11D0-8D11-00A0C91BC942}") = "NumberGuess", "NumberGuess\NumberGuess.vcxproj", "{219CEC5B-6FCD-418B-B366-BE3D8FFA310A}"
EndProject
Project("{8BC9CEB8-8B4A-11D0-8D11-00A0C91BC942}") = "ATSProrgamming", "ATSProrgamming\ATSProrgamming.vcxproj", "{6611F26A-685D-4AE9-9FA0-14C8752FC826}"
EndProject
Global
	GlobalSection(SolutionConfigurationPlatforms) = preSolution
		Debug|x64 = Debug|x64
		Debug|x86 = Debug|x86
		Release|x64 = Release|x64
		Release|x86 = Release|x86
	EndGlobalSection
	GlobalSection(ProjectConfigurationPlatforms) = postSolution
		{D8A259BB-200B-42F0-A783-33D07C0DE9B2}.Debug|x64.ActiveCfg = Debug|x64
		{D8A259BB-200B-42F0-A783-33D07C0DE9B2}.Debug|x64.Build.0 = Debug|x64
		{D8A259BB-200B-42F0-A783-33D07C0DE9B2}.Debug|x86.ActiveCfg = Debug|Win32
		{D8A259BB-200B-42F0-A783-33D07C0DE9B2}.Debug|x86.Build.0 = Debug|Win32
		{D8A259BB-200B-42F0-A783-33D07C0DE9B2}.Release|x64.ActiveCfg = Release|x64
		{D8A259BB-200B-42F0-A783-33D07C0DE9B2}.Release|x64.Build.0 = Release|x64
		{D8A259BB-200B-42F0-A783-33D07C0DE9B2}.Release|x86.ActiveCfg = Release|Win32
		{D8A259BB-200B-42F0-A783-33D07C0DE9B2}.Release|x86.Build.0 = Release|Win32
		{212B3471-FAEA-41DB-8EA9-1FBDD1672267}.Debug|x64.ActiveCfg = Debug|x64
		{212B3471-FAEA-41DB-8EA9-1FBDD1672267}.Debug|x64.Build.0 = Debug|x64
		{212B3471-FAEA-41DB-8EA9-1FBDD1672267}.Debug|x86.ActiveCfg = Debug|Win32
		{212B3471-FAEA-41DB-8EA9-1FBDD1672267}.Debug|x86.Build.0 = Debug|Win32
		{212B3471-FAEA-41DB-8EA9-1FBDD1672267}.Release|x64.ActiveCfg = Release|x64
		{212B3471-FAEA-41DB-8EA9-1FBDD1672267}.Release|x64.Build.0 = Release|x64
		{212B3471-FAEA-41DB-8EA9-1FBDD1672267}.Release|x86.ActiveCfg = Release|Win32
		{212B3471-FAEA-41DB-8EA9-1FBDD1672267}.Release|x86.Build.0 = Release|Win32
		{F5207B8E-23F1-4025-8A49-DDD6E89981D8}.Debug|x64.ActiveCfg = Debug|x64
		{F5207B8E-23F1-4025-8A49-DDD6E89981D8}.Debug|x64.Build.0 = Debug|x64
		{F5207B8E-23F1-4025-8A49-DDD6E89981D8}.Debug|x86.ActiveCfg = Debug|Win32
		{F5207B8E-23F1-4025-8A49-DDD6E89981D8}.Debug|x86.Build.0 = Debug|Win32
		{F5207B8E-23F1-4025-8A49-DDD6E89981D8}.Release|x64.ActiveCfg = Release|x64
		{F5207B8E-23F1-4025-8A49-DDD6E89981D8}.Release|x64.Build.0 = Release|x64
		{F5207B8E-23F1-4025-8A49-DDD6E89981D8}.Release|x86.ActiveCfg = Release|Win32
		{F5207B8E-23F1-4025-8A49-DDD6E89981D8}.Release|x86.Build.0 = Release|Win32
		{32A16499-F588-45A2-A1EC-01B76C8895D4}.Debug|x64.ActiveCfg = Debug|x64
		{32A16499-F588-45A2-A1EC-01B76C8895D4}.Debug|x64.Build.0 = Debug|x64
		{32A16499-F588-45A2-A1EC-01B76C8895D4}.Debug|x86.ActiveCfg = Debug|Win32
		{32A16499-F588-45A2-A1EC-01B76C8895D4}.Debug|x86.Build.0 = Debug|Win32
		{32A16499-F588-45A2-A1EC-01B76C8895D4}.Release|x64.ActiveCfg = Release|x64
		{32A16499-F588-45A2-A1EC-01B76C8895D4}.Release|x64.Build.0 = Release|x64
		{32A16499-F588-45A2-A1EC-01B76C8895D4}.Release|x86.ActiveCfg = Release|Win32
		{32A16499-F588-45A2-A1EC-01B76C8895D4}.Release|x86.Build.0 = Release|Win32
		{20437389-87C3-4005-9756-28C54E950DDF}.Debug|x64.ActiveCfg = Debug|x64
		{20437389-87C3-4005-9756-28C54E950DDF}.Debug|x64.Build.0 = Debug|x64
		{20437389-87C3-4005-9756-28C54E950DDF}.Debug|x86.ActiveCfg = Debug|Win32
		{20437389-87C3-4005-9756-28C54E950DDF}.Debug|x86.Build.0 = Debug|Win32
		{20437389-87C3-4005-9756-28C54E950DDF}.Release|x64.ActiveCfg = Release|x64
		{20437389-87C3-4005-9756-28C54E950DDF}.Release|x64.Build.0 = Release|x64
		{20437389-87C3-4005-9756-28C54E950DDF}.Release|x86.ActiveCfg = Release|Win32
		{20437389-87C3-4005-9756-28C54E950DDF}.Release|x86.Build.0 = Release|Win32
		{24FED5AE-F1D9-4614-AB52-C1A0456FC799}.Debug|x64.ActiveCfg = Debug|x64
		{24FED5AE-F1D9-4614-AB52-C1A0456FC799}.Debug|x64.Build.0 = Debug|x64
		{24FED5AE-F1D9-4614-AB52-C1A0456FC799}.Debug|x86.ActiveCfg = Debug|Win32
		{24FED5AE-F1D9-4614-AB52-C1A0456FC799}.Debug|x86.Build.0 = Debug|Win32
		{24FED5AE-F1D9-4614-AB52-C1A0456FC799}.Release|x64.ActiveCfg = Release|x64
		{24FED5AE-F1D9-4614-AB52-C1A0456FC799}.Release|x64.Build.0 = Release|x64
		{24FED5AE-F1D9-4614-AB52-C1A0456FC799}.Release|x86.ActiveCfg = Release|Win32
		{24FED5AE-F1D9-4614-AB52-C1A0456FC799}.Release|x86.Build.0 = Release|Win32
		{1CD493F1-4154-490A-B4EB-73CB972FDA0F}.Debug|x64.ActiveCfg = Debug|x64
		{1CD493F1-4154-490A-B4EB-73CB972FDA0F}.Debug|x64.Build.0 = Debug|x64
		{1CD493F1-4154-490A-B4EB-73CB972FDA0F}.Debug|x86.ActiveCfg = Debug|Win32
		{1CD493F1-4154-490A-B4EB-73CB972FDA0F}.Debug|x86.Build.0 = Debug|Win32
		{1CD493F1-4154-490A-B4EB-73CB972FDA0F}.Release|x64.ActiveCfg = Release|x64
		{1CD493F1-4154-490A-B4EB-73CB972FDA0F}.Release|x64.Build.0 = Release|x64
		{1CD493F1-4154-490A-B4EB-73CB972FDA0F}.Release|x86.ActiveCfg = Release|Win32
		{1CD493F1-4154-490A-B4EB-73CB972FDA0F}.Release|x86.Build.0 = Release|Win32
		{68CE796B-BAC2-4456-BF2F-98D6B64955A7}.Debug|x64.ActiveCfg = Debug|x64
		{68CE796B-BAC2-4456-BF2F-98D6B64955A7}.Debug|x64.Build.0 = Debug|x64
		{68CE796B-BAC2-4456-BF2F-98D6B64955A7}.Debug|x86.ActiveCfg = Debug|Win32
		{68CE796B-BAC2-4456-BF2F-98D6B64955A7}.Debug|x86.Build.0 = Debug|Win32
		{68CE796B-BAC2-4456-BF2F-98D6B64955A7}.Release|x64.ActiveCfg = Release|x64
		{68CE796B-BAC2-4456-BF2F-98D6B64955A7}.Release|x64.Build.0 = Release|x64
		{68CE796B-BAC2-4456-BF2F-98D6B64955A7}.Release|x86.ActiveCfg = Release|Win32
		{68CE796B-BAC2-4456-BF2F-98D6B64955A7}.Release|x86.Build.0 = Release|Win32
		{1C77DB55-B880-49BC-A76F-06A165BC1C2B}.Debug|x64.ActiveCfg = Debug|x64
		{1C77DB55-B880-49BC-A76F-06A165BC1C2B}.Debug|x64.Build.0 = Debug|x64
		{1C77DB55-B880-49BC-A76F-06A165BC1C2B}.Debug|x86.ActiveCfg = Debug|Win32
		{1C77DB55-B880-49BC-A76F-06A165BC1C2B}.Debug|x86.Build.0 = Debug|Win32
		{1C77DB55-B880-49BC-A76F-06A165BC1C2B}.Release|x64.ActiveCfg = Release|x64
		{1C77DB55-B880-49BC-A76F-06A165BC1C2B}.Release|x64.Build.0 = Release|x64
		{1C77DB55-B880-49BC-A76F-06A165BC1C2B}.Release|x86.ActiveCfg = Release|Win32
		{1C77DB55-B880-49BC-A76F-06A165BC1C2B}.Release|x86.Build.0 = Release|Win32
		{9959FD84-DB6B-40BD-A38C-E7593A616424}.Debug|x64.ActiveCfg = Debug|x64
		{9959FD84-DB6B-40BD-A38C-E7593A616424}.Debug|x64.Build.0 = Debug|x64
		{9959FD84-DB6B-40BD-A38C-E7593A616424}.Debug|x86.ActiveCfg = Debug|Win32
		{9959FD84-DB6B-40BD-A38C-E7593A616424}.Debug|x86.Build.0 = Debug|Win32
		{9959FD84-DB6B-40BD-A38C-E7593A616424}.Release|x64.ActiveCfg = Release|x64
		{9959FD84-DB6B-40BD-A38C-E7593A616424}.Release|x64.Build.0 = Release|x64
		{9959FD84-DB6B-40BD-A38C-E7593A616424}.Release|x86.ActiveCfg = Release|Win32
		{9959FD84-DB6B-40BD-A38C-E7593A616424}.Release|x86.Build.0 = Release|Win32
		{83F346D9-4D7C-41FD-AF4D-68075382E6E7}.Debug|x64.ActiveCfg = Debug|x64
		{83F346D9-4D7C-41FD-AF4D-68075382E6E7}.Debug|x64.Build.0 = Debug|x64
		{83F346D9-4D7C-41FD-AF4D-68075382E6E7}.Debug|x86.ActiveCfg = Debug|Win32
		{83F346D9-4D7C-41FD-AF4D-68075382E6E7}.Debug|x86.Build.0 = Debug|Win32
		{83F346D9-4D7C-41FD-AF4D-68075382E6E7}.Release|x64.ActiveCfg = Release|x64
		{83F346D9-4D7C-41FD-AF4D-68075382E6E7}.Release|x64.Build.0 = Release|x64
		{83F346D9-4D7C-41FD-AF4D-68075382E6E7}.Release|x86.ActiveCfg = Release|Win32
		{83F346D9-4D7C-41FD-AF4D-68075382E6E7}.Release|x86.Build.0 = Release|Win32
		{213921D4-2FB6-4CF5-AF11-D7D3E2A91AFC}.Debug|x64.ActiveCfg = Debug|x64
		{213921D4-2FB6-4CF5-AF11-D7D3E2A91AFC}.Debug|x64.Build.0 = Debug|x64
		{213921D4-2FB6-4CF5-AF11-D7D3E2A91AFC}.Debug|x86.ActiveCfg = Debug|Win32
		{213921D4-2FB6-4CF5-AF11-D7D3E2A91AFC}.Debug|x86.Build.0 = Debug|Win32
		{213921D4-2FB6-4CF5-AF11-D7D3E2A91AFC}.Release|x64.ActiveCfg = Release|x64
		{213921D4-2FB6-4CF5-AF11-D7D3E2A91AFC}.Release|x64.Build.0 = Release|x64
		{213921D4-2FB6-4CF5-AF11-D7D3E2A91AFC}.Release|x86.ActiveCfg = Release|Win32
		{213921D4-2FB6-4CF5-AF11-D7D3E2A91AFC}.Release|x86.Build.0 = Release|Win32
		{B7723E4B-D3EE-470F-8A21-1919C785502C}.Debug|x64.ActiveCfg = Debug|x64
		{B7723E4B-D3EE-470F-8A21-1919C785502C}.Debug|x64.Build.0 = Debug|x64
		{B7723E4B-D3EE-470F-8A21-1919C785502C}.Debug|x86.ActiveCfg = Debug|Win32
		{B7723E4B-D3EE-470F-8A21-1919C785502C}.Debug|x86.Build.0 = Debug|Win32
		{B7723E4B-D3EE-470F-8A21-1919C785502C}.Release|x64.ActiveCfg = Release|x64
		{B7723E4B-D3EE-470F-8A21-1919C785502C}.Release|x64.Build.0 = Release|x64
		{B7723E4B-D3EE-470F-8A21-1919C785502C}.Release|x86.ActiveCfg = Release|Win32
		{B7723E4B-D3EE-470F-8A21-1919C785502C}.Release|x86.Build.0 = Release|Win32
		{C6DDE7CE-79AF-4BF9-A775-09ADCD8BAB2D}.Debug|x64.ActiveCfg = Debug|x64
		{C6DDE7CE-79AF-4BF9-A775-09ADCD8BAB2D}.Debug|x64.Build.0 = Debug|x64
		{C6DDE7CE-79AF-4BF9-A775-09ADCD8BAB2D}.Debug|x86.ActiveCfg = Debug|Win32
		{C6DDE7CE-79AF-4BF9-A775-09ADCD8BAB2D}.Debug|x86.Build.0 = Debug|Win32
		{C6DDE7CE-79AF-4BF9-A775-09ADCD8BAB2D}.Release|x64.ActiveCfg = Release|x64
		{C6DDE7CE-79AF-4BF9-A775-09ADCD8BAB2D}.Release|x64.Build.0 = Release|x64
		{C6DDE7CE-79AF-4BF9-A775-09ADCD8BAB2D}.Release|x86.ActiveCfg = Release|Win32
		{C6DDE7CE-79AF-4BF9-A775-09ADCD8BAB2D}.Release|x86.Build.0 = Release|Win32
		{F6297490-E961-4D4D-B90D-CA009AB1FC71}.Debug|x64.ActiveCfg = Debug|x64
		{F6297490-E961-4D4D-B90D-CA009AB1FC71}.Debug|x64.Build.0 = Debug|x64
		{F6297490-E961-4D4D-B90D-CA009AB1FC71}.Debug|x86.ActiveCfg = Debug|Win32
		{F6297490-E961-4D4D-B90D-CA009AB1FC71}.Debug|x86.Build.0 = Debug|Win32
		{F6297490-E961-4D4D-B90D-CA009AB1FC71}.Release|x64.ActiveCfg = Release|x64
		{F6297490-E961-4D4D-B90D-CA009AB1FC71}.Release|x64.Build.0 = Release|x64
		{F6297490-E961-4D4D-B90D-CA009AB1FC71}.Release|x86.ActiveCfg = Release|Win32
		{F6297490-E961-4D4D-B90D-CA009AB1FC71}.Release|x86.Build.0 = Release|Win32
		{219CEC5B-6FCD-418B-B366-BE3D8FFA310A}.Debug|x64.ActiveCfg = Debug|x64
		{219CEC5B-6FCD-418B-B366-BE3D8FFA310A}.Debug|x64.Build.0 = Debug|x64
		{219CEC5B-6FCD-418B-B366-BE3D8FFA310A}.Debug|x86.ActiveCfg = Debug|Win32
		{219CEC5B-6FCD-418B-B366-BE3D8FFA310A}.Debug|x86.Build.0 = Debug|Win32
		{219CEC5B-6FCD-418B-B366-BE3D8FFA310A}.Release|x64.ActiveCfg = Release|x64
		{219CEC5B-6FCD-418B-B366-BE3D8FFA310A}.Release|x64.Build.0 = Release|x64
		{219CEC5B-6FCD-418B-B366-BE3D8FFA310A}.Release|x86.ActiveCfg = Release|Win32
		{219CEC5B-6FCD-418B-B366-BE3D8FFA310A}.Release|x86.Build.0 = Release|Win32
		{6611F26A-685D-4AE9-9FA0-14C8752FC826}.Debug|x64.ActiveCfg = Debug|x64
		{6611F26A-685D-4AE9-9FA0-14C8752FC826}.Debug|x64.Build.0 = Debug|x64
		{6611F26A-685D-4AE9-9FA0-14C8752FC826}.Debug|x86.ActiveCfg = Debug|Win32
		{6611F26A-685D-4AE9-9FA0-14C8752FC826}.Debug|x86.Build.0 = Debug|Win32
		{6611F26A-685D-4AE9-9FA0-14C8752FC826}.Release|x64.ActiveCfg = Release|x64
		{6611F26A-685D-4AE9-9FA0-14C8752FC826}.Release|x64.Build.0 = Release|x64
		{6611F26A-685D-4AE9-9FA0-14C8752FC826}.Release|x86.ActiveCfg = Release|Win32
		{6611F26A-685D-4AE9-9FA0-14C8752FC826}.Release|x86.Build.0 = Release|Win32
	EndGlobalSection
	GlobalSection(SolutionProperties) = preSolution
		HideSolutionNode = FALSE
	EndGlobalSection
	GlobalSection(ExtensibilityGlobals) = postSolution
		SolutionGuid = {5225BAEB-D372-46F4-9EA6-E9C52D09B6EA}
	EndGlobalSection
EndGlobal
